{
  "version": 4,
  "terraform_version": "1.15.7",
  "serial": 1,
  "lineage": "35f260d5-3b5a-ef8f-0ab5-cce02f768bde",
  "outputs": {
    "archivo_generado": {
      "value": "./infra-generada.txt",
      "type": "string"
    }
  },
  "resources": [
    {
      "mode": "managed",
      "type": "local_file",
      "name": "documentacion_infra",
      "provider": "provider[\"registry.terraform.io/hashicorp/local\"]",
      "instances": [
        {
          "schema_version": 0,
          "attributes": {
            "content": "Infraestructura documentada como codigo para EcoVerde Antioquia - ADSO DevOps Semana 10",
            "content_base64": null,
            "content_base64sha256": "VmePEYpM9HHWRg0wSkjlIh8VwIkqiYDHNo4x9y0Lk1s=",
            "content_base64sha512": "YbXI+Wt5xoaZ3dk2PV+xKH+iSl/ume+sYOsxJgVlV+Pf+3f77aW+5FRZiT2PCOZ/IoB0xABzbWhKPyimB/tZLg==",
            "content_md5": "e6dcc5d543ba59b8997c82cc81bdce3e",
            "content_sha1": "966cbf23b0b131df35fbb6dd391c549f900ddcaa",
            "content_sha256": "56678f118a4cf471d6460d304a48e5221f15c0892a8980c7368e31f72d0b935b",
            "content_sha512": "61b5c8f96b79c68699ddd9363d5fb1287fa24a5fee99efac60eb3126056557e3dffb77fbeda5bee45459893d8f08e67f228074c400736d684a3f28a607fb592e",
            "directory_permission": "0777",
            "file_permission": "0777",
            "filename": "./infra-generada.txt",
            "id": "966cbf23b0b131df35fbb6dd391c549f900ddcaa",
            "sensitive_content": null,
            "source": null
          },
          "sensitive_attributes": [
            [
              {
                "type": "get_attr",
                "value": "sensitive_content"
              }
            ]
          ],
          "identity_schema_version": 0
        }
      ]
    }
  ],
  "check_results": null
}
